<?xml version="1.0" encoding="utf-8"?>
<Project ToolsVersion="4.0" xmlns="http://schemas.microsoft.com/developer/msbuild/2003">
  <ItemGroup>
    <Filter Include="Source Files">
      <UniqueIdentifier>{4FC737F1-C7A5-4376-A066-2A32D752A2FF}</UniqueIdentifier>
      <Extensions>cpp;c;cc;cxx;c++;cppm;ixx;def;odl;idl;hpj;bat;asm;asmx</Extensions>
    </Filter>
    <Filter Include="Header Files">
      <UniqueIdentifier>{93995380-89BD-4b04-88EB-625FBE52EBFB}</UniqueIdentifier>
      <Extensions>h;hh;hpp;hxx;h++;hm;inl;inc;ipp;xsd</Extensions>
    </Filter>
    <Filter Include="Resource Files">
      <UniqueIdentifier>{67DA6AB6-F800-4c08-8B7A-83BB121AAD01}</UniqueIdentifier>
      <Extensions>rc;ico;cur;bmp;dlg;rc2;rct;bin;rgs;gif;jpg;jpeg;jpe;resx;tiff;tif;png;wav;mfcribbon-ms</Extensions>
    </Filter>
    <Filter Include="Source Files\Core">
      <UniqueIdentifier>{238cbd16-0f40-4fe7-bb17-50ad5b9b3767}</UniqueIdentifier>
    </Filter>
    <Filter Include="Source Files\Python">
      <UniqueIdentifier>{6044686a-9720-41ec-a575-8317f540c6c8}</UniqueIdentifier>
    </Filter>
  </ItemGroup>
  <ItemGroup>
    <ClInclude Include="framework.h">
      <Filter>Header Files</Filter>
    </ClInclude>
    <ClInclude Include="Logger.h">
      <Filter>Header Files</Filter>
    </ClInclude>
    <ClInclude Include="Duck.h">
      <Filter>Source Files\Core</Filter>
    </ClInclude>
    <ClInclude Include="GameState.h">
      <Filter>Source Files</Filter>
    </ClInclude>
    <ClInclude Include="GameReader.h">
      <Filter>Header Files</Filter>
    </ClInclude>
    <ClInclude Include="includes\detours.h">
      <Filter>Header Files</Filter>
    </ClInclude>
    <ClInclude Include="includes\detver.h">
      <Filter>Header Files</Filter>
    </ClInclude>
    <ClInclude Include="includes\syelog.h">
      <Filter>Header Files</Filter>
    </ClInclude>
    <ClInclude Include="includes\audiodefs.h">
      <Filter>Header Files</Filter>
    </ClInclude>
    <ClInclude Include="includes\comdecl.h">
      <Filter>Header Files</Filter>
    </ClInclude>
    <ClInclude Include="includes\D2D1.h">
      <Filter>Header Files</Filter>
    </ClInclude>
    <ClInclude Include="includes\D2D1Helper.h">
      <Filter>Header Files</Filter>
    </ClInclude>
    <ClInclude Include="includes\D2DBaseTypes.h">
      <Filter>Header Files</Filter>
    </ClInclude>
    <ClInclude Include="includes\D2Derr.h">
      <Filter>Header Files</Filter>
    </ClInclude>
    <ClInclude Include="includes\d3d9.h">
      <Filter>Header Files</Filter>
    </ClInclude>
    <ClInclude Include="includes\d3d9caps.h">
      <Filter>Header Files</Filter>
    </ClInclude>
    <ClInclude Include="includes\d3d9types.h">
      <Filter>Header Files</Filter>
    </ClInclude>
    <ClInclude Include="includes\D3D10.h">
      <Filter>Header Files</Filter>
    </ClInclude>
    <ClInclude Include="includes\D3D10_1.h">
      <Filter>Header Files</Filter>
    </ClInclude>
    <ClInclude Include="includes\D3D10_1shader.h">
      <Filter>Header Files</Filter>
    </ClInclude>
    <ClInclude Include="includes\D3D10effect.h">
      <Filter>Header Files</Filter>
    </ClInclude>
    <ClInclude Include="includes\d3d10misc.h">
      <Filter>Header Files</Filter>
    </ClInclude>
    <ClInclude Include="includes\d3d10sdklayers.h">
      <Filter>Header Files</Filter>
    </ClInclude>
    <ClInclude Include="includes\D3D10shader.h">
      <Filter>Header Files</Filter>
    </ClInclude>
    <ClInclude Include="includes\D3D11.h">
      <Filter>Header Files</Filter>
    </ClInclude>
    <ClInclude Include="includes\D3D11SDKLayers.h">
      <Filter>Header Files</Filter>
    </ClInclude>
    <ClInclude Include="includes\D3D11Shader.h">
      <Filter>Header Files</Filter>
    </ClInclude>
    <ClInclude Include="includes\D3Dcommon.h">
      <Filter>Header Files</Filter>
    </ClInclude>
    <ClInclude Include="includes\D3Dcompiler.h">
      <Filter>Header Files</Filter>
    </ClInclude>
    <ClInclude Include="includes\D3DCSX.h">
      <Filter>Header Files</Filter>
    </ClInclude>
    <ClInclude Include="includes\d3dx9.h">
      <Filter>Header Files</Filter>
    </ClInclude>
    <ClInclude Include="includes\d3dx9anim.h">
      <Filter>Header Files</Filter>
    </ClInclude>
    <ClInclude Include="includes\d3dx9core.h">
      <Filter>Header Files</Filter>
    </ClInclude>
    <ClInclude Include="includes\d3dx9effect.h">
      <Filter>Header Files</Filter>
    </ClInclude>
    <ClInclude Include="includes\d3dx9math.h">
      <Filter>Header Files</Filter>
    </ClInclude>
    <ClInclude Include="includes\d3dx9mesh.h">
      <Filter>Header Files</Filter>
    </ClInclude>
    <ClInclude Include="includes\d3dx9shader.h">
      <Filter>Header Files</Filter>
    </ClInclude>
    <ClInclude Include="includes\d3dx9shape.h">
      <Filter>Header Files</Filter>
    </ClInclude>
    <ClInclude Include="includes\d3dx9tex.h">
      <Filter>Header Files</Filter>
    </ClInclude>
    <ClInclude Include="includes\d3dx9xof.h">
      <Filter>Header Files</Filter>
    </ClInclude>
    <ClInclude Include="includes\D3DX10.h">
      <Filter>Header Files</Filter>
    </ClInclude>
    <ClInclude Include="includes\d3dx10async.h">
      <Filter>Header Files</Filter>
    </ClInclude>
    <ClInclude Include="includes\D3DX10core.h">
      <Filter>Header Files</Filter>
    </ClInclude>
    <ClInclude Include="includes\D3DX10math.h">
      <Filter>Header Files</Filter>
    </ClInclude>
    <ClInclude Include="includes\D3DX10mesh.h">
      <Filter>Header Files</Filter>
    </ClInclude>
    <ClInclude Include="includes\D3DX10tex.h">
      <Filter>Header Files</Filter>
    </ClInclude>
    <ClInclude Include="includes\D3DX11.h">
      <Filter>Header Files</Filter>
    </ClInclude>
    <ClInclude Include="includes\D3DX11async.h">
      <Filter>Header Files</Filter>
    </ClInclude>
    <ClInclude Include="includes\D3DX11core.h">
      <Filter>Header Files</Filter>
    </ClInclude>
    <ClInclude Include="includes\D3DX11tex.h">
      <Filter>Header Files</Filter>
    </ClInclude>
    <ClInclude Include="includes\Dcommon.h">
      <Filter>Header Files</Filter>
    </ClInclude>
    <ClInclude Include="includes\dinput.h">
      <Filter>Header Files</Filter>
    </ClInclude>
    <ClInclude Include="includes\dinputd.h">
      <Filter>Header Files</Filter>
    </ClInclude>
    <ClInclude Include="includes\dsconf.h">
      <Filter>Header Files</Filter>
    </ClInclude>
    <ClInclude Include="includes\dsetup.h">
      <Filter>Header Files</Filter>
    </ClInclude>
    <ClInclude Include="includes\dsound.h">
      <Filter>Header Files</Filter>
    </ClInclude>
    <ClInclude Include="includes\DWrite.h">
      <Filter>Header Files</Filter>
    </ClInclude>
    <ClInclude Include="includes\dxdiag.h">
      <Filter>Header Files</Filter>
    </ClInclude>
    <ClInclude Include="includes\DxErr.h">
      <Filter>Header Files</Filter>
    </ClInclude>
    <ClInclude Include="includes\dxfile.h">
      <Filter>Header Files</Filter>
    </ClInclude>
    <ClInclude Include="includes\DXGI.h">
      <Filter>Header Files</Filter>
    </ClInclude>
    <ClInclude Include="includes\DXGIFormat.h">
      <Filter>Header Files</Filter>
    </ClInclude>
    <ClInclude Include="includes\DXGIType.h">
      <Filter>Header Files</Filter>
    </ClInclude>
    <ClInclude Include="includes\dxsdkver.h">
      <Filter>Header Files</Filter>
    </ClInclude>
    <ClInclude Include="includes\gameux.h">
      <Filter>Header Files</Filter>
    </ClInclude>
    <ClInclude Include="includes\PIXPlugin.h">
      <Filter>Header Files</Filter>
    </ClInclude>
    <ClInclude Include="includes\rmxfguid.h">
      <Filter>Header Files</Filter>
    </ClInclude>
    <ClInclude Include="includes\rmxftmpl.h">
      <Filter>Header Files</Filter>
    </ClInclude>
    <ClInclude Include="includes\rpcsal.h">
      <Filter>Header Files</Filter>
    </ClInclude>
    <ClInclude Include="includes\X3DAudio.h">
      <Filter>Header Files</Filter>
    </ClInclude>
    <ClInclude Include="includes\xact3.h">
      <Filter>Header Files</Filter>
    </ClInclude>
    <ClInclude Include="includes\xact3d3.h">
      <Filter>Header Files</Filter>
    </ClInclude>
    <ClInclude Include="includes\xact3wb.h">
      <Filter>Header Files</Filter>
    </ClInclude>
    <ClInclude Include="includes\XAPO.h">
      <Filter>Header Files</Filter>
    </ClInclude>
    <ClInclude Include="includes\XAPOBase.h">
      <Filter>Header Files</Filter>
    </ClInclude>
    <ClInclude Include="includes\XAPOFX.h">
      <Filter>Header Files</Filter>
    </ClInclude>
    <ClInclude Include="includes\XAudio2.h">
      <Filter>Header Files</Filter>
    </ClInclude>
    <ClInclude Include="includes\XAudio2fx.h">
      <Filter>Header Files</Filter>
    </ClInclude>
    <ClInclude Include="includes\XDSP.h">
      <Filter>Header Files</Filter>
    </ClInclude>
    <ClInclude Include="includes\XInput.h">
      <Filter>Header Files</Filter>
    </ClInclude>
    <ClInclude Include="includes\xma2defs.h">
      <Filter>Header Files</Filter>
    </ClInclude>
    <ClInclude Include="includes\xnamath.h">
      <Filter>Header Files</Filter>
    </ClInclude>
    <ClInclude Include="json\json.h">
      <Filter>Header Files</Filter>
    </ClInclude>
    <ClInclude Include="stbi\stb_image.h">
      <Filter>Header Files</Filter>
    </ClInclude>
    <ClInclude Include="PyStructs.h">
      <Filter>Header Files</Filter>
    </ClInclude>
    <ClInclude Include="GameObject.h">
      <Filter>Header Files</Filter>
    </ClInclude>
    <ClInclude Include="Memory.h">
      <Filter>Header Files</Filter>
    </ClInclude>
    <ClInclude Include="MemoryReadable.h">
      <Filter>Header Files</Filter>
    </ClInclude>
    <ClInclude Include="Vector.h">
      <Filter>Header Files</Filter>
    </ClInclude>
    <ClInclude Include="Offset.h">
      <Filter>Header Files</Filter>
    </ClInclude>
    <ClInclude Include="GameData.h">
      <Filter>Header Files</Filter>
    </ClInclude>
    <ClInclude Include="ItemInfo.h">
      <Filter>Header Files</Filter>
    </ClInclude>
    <ClInclude Include="SpellInfo.h">
      <Filter>Header Files</Filter>
    </ClInclude>
    <ClInclude Include="UnitInfo.h">
      <Filter>Header Files</Filter>
    </ClInclude>
    <ClInclude Include="Globals.h">
      <Filter>Header Files</Filter>
    </ClInclude>
    <ClInclude Include="ObjectExplorer.h">
      <Filter>Header Files</Filter>
    </ClInclude>
    <ClInclude Include="GameRenderer.h">
      <Filter>Header Files</Filter>
    </ClInclude>
    <ClInclude Include="GameHud.h">
      <Filter>Header Files</Filter>
    </ClInclude>
    <ClInclude Include="Benchmark.h">
      <Filter>Header Files</Filter>
    </ClInclude>
    <ClInclude Include="GameChampion.h">
      <Filter>Header Files</Filter>
    </ClInclude>
    <ClInclude Include="GameUnit.h">
      <Filter>Header Files</Filter>
    </ClInclude>
    <ClInclude Include="GameSpell.h">
      <Filter>Header Files</Filter>
    </ClInclude>
    <ClInclude Include="GameMissile.h">
      <Filter>Header Files</Filter>
    </ClInclude>
    <ClInclude Include="Precompiled.h">
      <Filter>Header Files</Filter>
    </ClInclude>
    <ClInclude Include="Script.h">
      <Filter>Header Files</Filter>
    </ClInclude>
    <ClInclude Include="PyExecutionContext.h">
      <Filter>Header Files</Filter>
    </ClInclude>
    <ClInclude Include="ScriptManager.h">
      <Filter>Header Files</Filter>
    </ClInclude>
    <ClInclude Include="HKey.h">
      <Filter>Header Files</Filter>
    </ClInclude>
    <ClInclude Include="GameJungle.h">
      <Filter>Header Files</Filter>
    </ClInclude>
    <ClInclude Include="GameMinion.h">
      <Filter>Header Files</Filter>
    </ClInclude>
    <ClInclude Include="GameTurret.h">
      <Filter>Header Files</Filter>
    </ClInclude>
    <ClInclude Include="PyImGui.h">
      <Filter>Header Files</Filter>
    </ClInclude>
    <ClInclude Include="OffsetScanner.h">
      <Filter>Header Files</Filter>
    </ClInclude>
    <ClInclude Include="ConfigSet.h">
      <Filter>Header Files</Filter>
    </ClInclude>
  </ItemGroup>
  <ItemGroup>
    <ClCompile Include="Logger.cpp">
      <Filter>Source Files</Filter>
    </ClCompile>
    <ClCompile Include="dllmain.cpp">
      <Filter>Source Files\Core</Filter>
    </ClCompile>
    <ClCompile Include="Duck.cpp">
      <Filter>Source Files\Core</Filter>
    </ClCompile>
    <ClCompile Include="GameReader.cpp">
      <Filter>Source Files</Filter>
    </ClCompile>
    <ClCompile Include="GameObject.cpp">
      <Filter>Source Files</Filter>
    </ClCompile>
    <ClCompile Include="Memory.cpp">
      <Filter>Source Files</Filter>
    </ClCompile>
    <ClCompile Include="Offset.cpp">
      <Filter>Source Files</Filter>
    </ClCompile>
    <ClCompile Include="GameData.cpp">
      <Filter>Source Files</Filter>
    </ClCompile>
    <ClCompile Include="SpellInfo.cpp">
      <Filter>Source Files</Filter>
    </ClCompile>
    <ClCompile Include="UnitInfo.cpp">
      <Filter>Source Files</Filter>
    </ClCompile>
    <ClCompile Include="Globals.cpp">
      <Filter>Source Files</Filter>
    </ClCompile>
    <ClCompile Include="ObjectExplorer.cpp">
      <Filter>Source Files</Filter>
    </ClCompile>
    <ClCompile Include="GameRenderer.cpp">
      <Filter>Source Files</Filter>
    </ClCompile>
    <ClCompile Include="GameHud.cpp">
      <Filter>Source Files</Filter>
    </ClCompile>
    <ClCompile Include="Benchmark.cpp">
      <Filter>Source Files</Filter>
    </ClCompile>
    <ClCompile Include="GameChampion.cpp">
      <Filter>Source Files</Filter>
    </ClCompile>
    <ClCompile Include="GameUnit.cpp">
      <Filter>Source Files</Filter>
    </ClCompile>
    <ClCompile Include="GameSpell.cpp">
      <Filter>Source Files</Filter>
    </ClCompile>
    <ClCompile Include="GameMissile.cpp">
      <Filter>Source Files</Filter>
    </ClCompile>
    <ClCompile Include="Precompiled.cpp">
      <Filter>Source Files</Filter>
    </ClCompile>
    <ClCompile Include="Script.cpp">
      <Filter>Source Files</Filter>
    </ClCompile>
    <ClCompile Include="PyExecutionContext.cpp">
      <Filter>Source Files</Filter>
    </ClCompile>
    <ClCompile Include="ScriptManager.cpp">
      <Filter>Source Files</Filter>
    </ClCompile>
    <ClCompile Include="GameJungle.cpp">
      <Filter>Source Files</Filter>
    </ClCompile>
    <ClCompile Include="GameMinion.cpp">
      <Filter>Source Files</Filter>
    </ClCompile>
    <ClCompile Include="GameTurret.cpp">
      <Filter>Source Files</Filter>
    </ClCompile>
    <ClCompile Include="OffsetScanner.cpp">
      <Filter>Source Files</Filter>
    </ClCompile>
    <ClCompile Include="ConfigSet.cpp">
      <Filter>Source Files</Filter>
    </ClCompile>
  </ItemGroup>
  <ItemGroup>
    <Library Include="libs\detours.lib" />
    <Library Include="libs\syelog.lib" />
    <Library Include="libs\d3dx9.lib" />
    <Library Include="libs\d3d9.lib" />
  </ItemGroup>
  <ItemGroup>
    <None Include="includes\D3DX_DXGIFormatConvert.inl">
      <Filter>Header Files</Filter>
    </None>
    <None Include="includes\d3dx9math.inl">
      <Filter>Header Files</Filter>
    </None>
    <None Include="includes\D3DX10math.inl">
      <Filter>Header Files</Filter>
    </None>
    <None Include="includes\xnamathconvert.inl">
      <Filter>Header Files</Filter>
    </None>
    <None Include="includes\xnamathmatrix.inl">
      <Filter>Header Files</Filter>
    </None>
    <None Include="includes\xnamathmisc.inl">
      <Filter>Header Files</Filter>
    </None>
    <None Include="includes\xnamathvector.inl">
      <Filter>Header Files</Filter>
    </None>
  </ItemGroup>
</Project>